
Microsoft Visual Studio Solution File, Format Version 12.00
# Visual Studio 2012
Project("{FAE04EC0-301F-11D3-BF4B-00C04F79EFBC}") = "calculadora", "calculadora\calculadora.csproj", "{ABE71EEE-A1E2-4DFE-940A-99B8F88B344C}"
EndProject
Global
	GlobalSection(SolutionConfigurationPlatforms) = preSolution
		Debug|Any CPU = Debug|Any CPU
		Release|Any CPU = Release|Any CPU
	EndGlobalSection
	GlobalSection(ProjectConfigurationPlatforms) = postSolution
		{ABE71EEE-A1E2-4DFE-940A-99B8F88B344C}.Debug|Any CPU.ActiveCfg = Debug|Any CPU
		{ABE71EEE-A1E2-4DFE-940A-99B8F88B344C}.Debug|Any CPU.Build.0 = Debug|Any CPU
		{ABE71EEE-A1E2-4DFE-940A-99B8F88B344C}.Release|Any CPU.ActiveCfg = Release|Any CPU
		{ABE71EEE-A1E2-4DFE-940A-99B8F88B344C}.Release|Any CPU.Build.0 = Release|Any CPU
	EndGlobalSection
	GlobalSection(SolutionProperties) = preSolution
		HideSolutionNode = FALSE
	EndGlobalSection
EndGlobal
